// !$*UTF8*$!
{
	archiveVersion = 1;
	classes = {
	};
	objectVersion = 77;
	objects = {

/* Begin PBXBuildFile section */
		12F5CADA811AF8AAD01D3EAF /* MedievalDomain.framework in Embed Frameworks */ = {isa = PBXBuildFile; fileRef = 474DE1AF30A6122D71310FE2 /* MedievalDomain.framework */; settings = {ATTRIBUTES = (RemoveHeadersOnCopy, ); }; };
		2C522556DFCCDF3C4FCAD4B5 /* MedievalDomain.framework in Frameworks */ = {isa = PBXBuildFile; fileRef = 474DE1AF30A6122D71310FE2 /* MedievalDomain.framework */; };
		60CAABAD55C6C67CD0BF2DCA /* Cocoa.framework in Frameworks */ = {isa = PBXBuildFile; fileRef = E22FA8EE86F02742AEB62826 /* Cocoa.framework */; };
		7E0878C9D71E3A18189C7822 /* MedievalDomain.framework in Frameworks */ = {isa = PBXBuildFile; fileRef = 474DE1AF30A6122D71310FE2 /* MedievalDomain.framework */; };
		FB0E1EC3B1D3826DC58C2FA4 /* Cocoa.framework in Frameworks */ = {isa = PBXBuildFile; fileRef = E22FA8EE86F02742AEB62826 /* Cocoa.framework */; };
/* End PBXBuildFile section */

/* Begin PBXContainerItemProxy section */
		39A8162DBB3C3464286283F1 /* PBXContainerItemProxy */ = {
			isa = PBXContainerItemProxy;
			containerPortal = 5BE01A1A302CCE00006D078F /* Project object */;
			proxyType = 1;
			remoteGlobalIDString = 918B22A860806A20C88BA438;
			remoteInfo = MedievalDomain;
		};
		5A213896355486CCB0297BB0 /* PBXContainerItemProxy */ = {
			isa = PBXContainerItemProxy;
			containerPortal = 5BE01A1A302CCE00006D078F /* Project object */;
			proxyType = 1;
			remoteGlobalIDString = 918B22A860806A20C88BA438;
			remoteInfo = MedievalDomain;
		};
/* End PBXContainerItemProxy section */

/* Begin PBXCopyFilesBuildPhase section */
		0327DE49A27556AA93D18090 /* Embed Frameworks */ = {
			isa = PBXCopyFilesBuildPhase;
			buildActionMask = 2147483647;
			dstPath = "";
			dstSubfolderSpec = 10;
			files = (
				12F5CADA811AF8AAD01D3EAF /* MedievalDomain.framework in Embed Frameworks */,
			);
			name = "Embed Frameworks";
			runOnlyForDeploymentPostprocessing = 0;
		};
/* End PBXCopyFilesBuildPhase section */

/* Begin PBXFileReference section */
		474DE1AF30A6122D71310FE2 /* MedievalDomain.framework */ = {isa = PBXFileReference; explicitFileType = wrapper.framework; includeInIndex = 0; path = MedievalDomain.framework; sourceTree = BUILT_PRODUCTS_DIR; };
		5BE01A22302CCE00006D078F /* Medieval.app */ = {isa = PBXFileReference; explicitFileType = wrapper.application; includeInIndex = 0; path = Medieval.app; sourceTree = BUILT_PRODUCTS_DIR; };
		DA90F5EFE0661ABAFEE8C7B1 /* MedievalDomainTests.xctest */ = {isa = PBXFileReference; explicitFileType = wrapper.cfbundle; includeInIndex = 0; path = MedievalDomainTests.xctest; sourceTree = BUILT_PRODUCTS_DIR; };
		E22FA8EE86F02742AEB62826 /* Cocoa.framework */ = {isa = PBXFileReference; lastKnownFileType = wrapper.framework; name = Cocoa.framework; path = Platforms/MacOSX.platform/Developer/SDKs/MacOSX26.0.sdk/System/Library/Frameworks/Cocoa.framework; sourceTree = DEVELOPER_DIR; };
/* End PBXFileReference section */

/* Begin PBXFileSystemSynchronizedRootGroup section */
		5BE01A24302CCE00006D078F /* Medieval */ = {
			isa = PBXFileSystemSynchronizedRootGroup;
			exceptions = (
			);
			path = Medieval;
			sourceTree = "<group>";
		};
		A9C507D43CA3A648D542F177 /* Medieval/Domain */ = {
			isa = PBXFileSystemSynchronizedRootGroup;
			exceptions = (
			);
			path = Medieval/Domain;
			sourceTree = "<group>";
		};
		EA63A19D0515772AE96E8AB9 /* Tests/MedievalDomainTests */ = {
			isa = PBXFileSystemSynchronizedRootGroup;
			exceptions = (
			);
			path = Tests/MedievalDomainTests;
			sourceTree = "<group>";
		};
/* End PBXFileSystemSynchronizedRootGroup section */

/* Begin PBXFrameworksBuildPhase section */
		1F885FDD95FEDEFFF29F5883 /* Frameworks */ = {
			isa = PBXFrameworksBuildPhase;
			buildActionMask = 2147483647;
			files = (
				FB0E1EC3B1D3826DC58C2FA4 /* Cocoa.framework in Frameworks */,
			);
			runOnlyForDeploymentPostprocessing = 0;
		};
		5BE01A1F302CCE00006D078F /* Frameworks */ = {
			isa = PBXFrameworksBuildPhase;
			buildActionMask = 2147483647;
			files = (
				2C522556DFCCDF3C4FCAD4B5 /* MedievalDomain.framework in Frameworks */,
			);
			runOnlyForDeploymentPostprocessing = 0;
		};
		7DFA3C4AE39A819750F0D674 /* Frameworks */ = {
			isa = PBXFrameworksBuildPhase;
			buildActionMask = 2147483647;
			files = (
				60CAABAD55C6C67CD0BF2DCA /* Cocoa.framework in Frameworks */,
				7E0878C9D71E3A18189C7822 /* MedievalDomain.framework in Frameworks */,
			);
			runOnlyForDeploymentPostprocessing = 0;
		};
/* End PBXFrameworksBuildPhase section */

/* Begin PBXGroup section */
		5BE01A19302CCE00006D078F = {
			isa = PBXGroup;
			children = (
				5BE01A24302CCE00006D078F /* Medieval */,
				5BE01A23302CCE00006D078F /* Products */,
				8732D07189A3FC2C9481DE8D /* Frameworks */,
				A9C507D43CA3A648D542F177 /* Medieval/Domain */,
				EA63A19D0515772AE96E8AB9 /* Tests/MedievalDomainTests */,
			);
			sourceTree = "<group>";
		};
		5BE01A23302CCE00006D078F /* Products */ = {
			isa = PBXGroup;
			children = (
				5BE01A22302CCE00006D078F /* Medieval.app */,
				474DE1AF30A6122D71310FE2 /* MedievalDomain.framework */,
				DA90F5EFE0661ABAFEE8C7B1 /* MedievalDomainTests.xctest */,
			);
			name = Products;
			sourceTree = "<group>";
		};
		8732D07189A3FC2C9481DE8D /* Frameworks */ = {
			isa = PBXGroup;
			children = (
				D96AE509CDD1015C64C4C999 /* OS X */,
			);
			name = Frameworks;
			sourceTree = "<group>";
		};
		D96AE509CDD1015C64C4C999 /* OS X */ = {
			isa = PBXGroup;
			children = (
				E22FA8EE86F02742AEB62826 /* Cocoa.framework */,
			);
			name = "OS X";
			sourceTree = "<group>";
		};
/* End PBXGroup section */

/* Begin PBXHeadersBuildPhase section */
		FE5FFF47A914F38396BC3148 /* Headers */ = {
			isa = PBXHeadersBuildPhase;
			buildActionMask = 2147483647;
			files = (
			);
			runOnlyForDeploymentPostprocessing = 0;
		};
/* End PBXHeadersBuildPhase section */

/* Begin PBXNativeTarget section */
		274C7D161C9520597DFDCB49 /* MedievalDomainTests */ = {
			isa = PBXNativeTarget;
			buildConfigurationList = 045824D86E11C23814C570C2 /* Build configuration list for PBXNativeTarget "MedievalDomainTests" */;
			buildPhases = (
				EDBDE8237EA0F7241CA224FF /* Sources */,
				7DFA3C4AE39A819750F0D674 /* Frameworks */,
				013728FEC31B7F76AF8A772F /* Resources */,
			);
			buildRules = (
			);
			dependencies = (
				349682008F6CB8A1CCD4EE48 /* PBXTargetDependency */,
			);
			fileSystemSynchronizedGroups = (
				EA63A19D0515772AE96E8AB9 /* Tests/MedievalDomainTests */,
			);
			name = MedievalDomainTests;
			productName = MedievalDomainTests;
			productReference = DA90F5EFE0661ABAFEE8C7B1 /* MedievalDomainTests.xctest */;
			productType = "com.apple.product-type.bundle.unit-test";
		};
		5BE01A21302CCE00006D078F /* Medieval */ = {
			isa = PBXNativeTarget;
			buildConfigurationList = 5BE01A36302CCE01006D078F /* Build configuration list for PBXNativeTarget "Medieval" */;
			buildPhases = (
				5BE01A1E302CCE00006D078F /* Sources */,
				5BE01A1F302CCE00006D078F /* Frameworks */,
				5BE01A20302CCE00006D078F /* Resources */,
				0327DE49A27556AA93D18090 /* Embed Frameworks */,
			);
			buildRules = (
			);
			dependencies = (
				2BD9FB63F7DAE2D493F2F8E9 /* PBXTargetDependency */,
			);
			fileSystemSynchronizedGroups = (
				5BE01A24302CCE00006D078F /* Medieval */,
			);
			name = Medieval;
			productName = Medieval;
			productReference = 5BE01A22302CCE00006D078F /* Medieval.app */;
			productType = "com.apple.product-type.application";
		};
		918B22A860806A20C88BA438 /* MedievalDomain */ = {
			isa = PBXNativeTarget;
			buildConfigurationList = 330ADDCFEF765AA1E47ACA73 /* Build configuration list for PBXNativeTarget "MedievalDomain" */;
			buildPhases = (
				FE5FFF47A914F38396BC3148 /* Headers */,
				A1F7EDED256D14991D1A18B0 /* Sources */,
				1F885FDD95FEDEFFF29F5883 /* Frameworks */,
				960D51E80039365729ECA1BF /* Resources */,
			);
			buildRules = (
			);
			dependencies = (
			);
			fileSystemSynchronizedGroups = (
				A9C507D43CA3A648D542F177 /* Medieval/Domain */,
			);
			name = MedievalDomain;
			productName = MedievalDomain;
			productReference = 474DE1AF30A6122D71310FE2 /* MedievalDomain.framework */;
			productType = "com.apple.product-type.framework";
		};
/* End PBXNativeTarget section */

/* Begin PBXProject section */
		5BE01A1A302CCE00006D078F /* Project object */ = {
			isa = PBXProject;
			attributes = {
				BuildIndependentTargetsInParallel = 1;
				LastSwiftUpdateCheck = 2660;
				LastUpgradeCheck = 2660;
				TargetAttributes = {
					5BE01A21302CCE00006D078F = {
						CreatedOnToolsVersion = 26.6;
					};
				};
			};
			buildConfigurationList = 5BE01A1D302CCE00006D078F /* Build configuration list for PBXProject "Medieval" */;
			developmentRegion = en;
			hasScannedForEncodings = 0;
			knownRegions = (
				en,
				Base,
			);
			mainGroup = 5BE01A19302CCE00006D078F;
			minimizedProjectReferenceProxies = 1;
			preferredProjectObjectVersion = 77;
			productRefGroup = 5BE01A23302CCE00006D078F /* Products */;
			projectDirPath = "";
			projectRoot = "";
			targets = (
				5BE01A21302CCE00006D078F /* Medieval */,
				918B22A860806A20C88BA438 /* MedievalDomain */,
				274C7D161C9520597DFDCB49 /* MedievalDomainTests */,
			);
		};
/* End PBXProject section */

/* Begin PBXResourcesBuildPhase section */
		013728FEC31B7F76AF8A772F /* Resources */ = {
			isa = PBXResourcesBuildPhase;
			buildActionMask = 2147483647;
			files = (
			);
			runOnlyForDeploymentPostprocessing = 0;
		};
		5BE01A20302CCE00006D078F /* Resources */ = {
			isa = PBXResourcesBuildPhase;
			buildActionMask = 2147483647;
			files = (
			);
			runOnlyForDeploymentPostprocessing = 0;
		};
		960D51E80039365729ECA1BF /* Resources */ = {
			isa = PBXResourcesBuildPhase;
			buildActionMask = 2147483647;
			files = (
			);
			runOnlyForDeploymentPostprocessing = 0;
		};
/* End PBXResourcesBuildPhase section */

/* Begin PBXSourcesBuildPhase section */
		5BE01A1E302CCE00006D078F /* Sources */ = {
			isa = PBXSourcesBuildPhase;
			buildActionMask = 2147483647;
			files = (
			);
			runOnlyForDeploymentPostprocessing = 0;
		};
		A1F7EDED256D14991D1A18B0 /* Sources */ = {
			isa = PBXSourcesBuildPhase;
			buildActionMask = 2147483647;
			files = (
			);
			runOnlyForDeploymentPostprocessing = 0;
		};
		EDBDE8237EA0F7241CA224FF /* Sources */ = {
			isa = PBXSourcesBuildPhase;
			buildActionMask = 2147483647;
			files = (
			);
			runOnlyForDeploymentPostprocessing = 0;
		};
/* End PBXSourcesBuildPhase section */

/* Begin PBXTargetDependency section */
		2BD9FB63F7DAE2D493F2F8E9 /* PBXTargetDependency */ = {
			isa = PBXTargetDependency;
			name = MedievalDomain;
			target = 918B22A860806A20C88BA438 /* MedievalDomain */;
			targetProxy = 5A213896355486CCB0297BB0 /* PBXContainerItemProxy */;
		};
		349682008F6CB8A1CCD4EE48 /* PBXTargetDependency */ = {
			isa = PBXTargetDependency;
			name = MedievalDomain;
			target = 918B22A860806A20C88BA438 /* MedievalDomain */;
			targetProxy = 39A8162DBB3C3464286283F1 /* PBXContainerItemProxy */;
		};
/* End PBXTargetDependency section */

/* Begin XCBuildConfiguration section */
		3F473DB71D6C7319B445D0ED /* Release */ = {
			isa = XCBuildConfiguration;
			buildSettings = {
				CODE_SIGN_STYLE = Automatic;
				COMBINE_HIDPI_IMAGES = YES;
				CURRENT_PROJECT_VERSION = 1;
				DEFINES_MODULE = YES;
				DEVELOPMENT_TEAM = XAU3F58R7T;
				DYLIB_COMPATIBILITY_VERSION = 1;
				DYLIB_CURRENT_VERSION = 1;
				DYLIB_INSTALL_NAME_BASE = "@rpath";
				GENERATE_INFOPLIST_FILE = YES;
				INSTALL_PATH = "$(LOCAL_LIBRARY_DIR)/Frameworks";
				LD_RUNPATH_SEARCH_PATHS = (
					"$(inherited)",
					"@executable_path/../Frameworks",
					"@loader_path/Frameworks",
				);
				MACOSX_DEPLOYMENT_TARGET = 14.0;
				PRODUCT_BUNDLE_IDENTIFIER = dev.lysytsia.MedievalDomain;
				PRODUCT_NAME = "$(TARGET_NAME)";
				SDKROOT = macosx;
				SKIP_INSTALL = YES;
				SWIFT_EMIT_LOC_STRINGS = YES;
				SWIFT_VERSION = 6.0;
				VERSIONING_SYSTEM = "apple-generic";
				VERSION_INFO_PREFIX = "";
			};
			name = Release;
		};
		405F09B1E264433E8B0FFDBA /* Release */ = {
			isa = XCBuildConfiguration;
			buildSettings = {
				CODE_SIGN_STYLE = Automatic;
				DEVELOPMENT_TEAM = XAU3F58R7T;
				GENERATE_INFOPLIST_FILE = YES;
				LD_RUNPATH_SEARCH_PATHS = (
					"$(inherited)",
					"@executable_path/../Frameworks",
					"@loader_path/Frameworks",
				);
				MACOSX_DEPLOYMENT_TARGET = 14.0;
				PRODUCT_BUNDLE_IDENTIFIER = dev.lysytsia.MedievalDomainTests;
				PRODUCT_NAME = "$(TARGET_NAME)";
				SDKROOT = macosx;
				SWIFT_VERSION = 6.0;
			};
			name = Release;
		};
		5697B2721DE77C04675BC9BB /* Debug */ = {
			isa = XCBuildConfiguration;
			buildSettings = {
				CODE_SIGN_STYLE = Automatic;
				COMBINE_HIDPI_IMAGES = YES;
				CURRENT_PROJECT_VERSION = 1;
				DEFINES_MODULE = YES;
				DEVELOPMENT_TEAM = XAU3F58R7T;
				DYLIB_COMPATIBILITY_VERSION = 1;
				DYLIB_CURRENT_VERSION = 1;
				DYLIB_INSTALL_NAME_BASE = "@rpath";
				GENERATE_INFOPLIST_FILE = YES;
				INSTALL_PATH = "$(LOCAL_LIBRARY_DIR)/Frameworks";
				LD_RUNPATH_SEARCH_PATHS = (
					"$(inherited)",
					"@executable_path/../Frameworks",
					"@loader_path/Frameworks",
				);
				MACOSX_DEPLOYMENT_TARGET = 14.0;
				PRODUCT_BUNDLE_IDENTIFIER = dev.lysytsia.MedievalDomain;
				PRODUCT_NAME = "$(TARGET_NAME)";
				SDKROOT = macosx;
				SKIP_INSTALL = YES;
				SWIFT_EMIT_LOC_STRINGS = YES;
				SWIFT_VERSION = 6.0;
				VERSIONING_SYSTEM = "apple-generic";
				VERSION_INFO_PREFIX = "";
			};
			name = Debug;
		};
		5BE01A34302CCE01006D078F /* Debug */ = {
			isa = XCBuildConfiguration;
			buildSettings = {
				ALWAYS_SEARCH_USER_PATHS = NO;
				ASSETCATALOG_COMPILER_GENERATE_SWIFT_ASSET_SYMBOL_EXTENSIONS = YES;
				CLANG_ANALYZER_NONNULL = YES;
				CLANG_ANALYZER_NUMBER_OBJECT_CONVERSION = YES_AGGRESSIVE;
				CLANG_CXX_LANGUAGE_STANDARD = "gnu++20";
				CLANG_ENABLE_MODULES = YES;
				CLANG_ENABLE_OBJC_ARC = YES;
				CLANG_ENABLE_OBJC_WEAK = YES;
				CLANG_WARN_BLOCK_CAPTURE_AUTORELEASING = YES;
				CLANG_WARN_BOOL_CONVERSION = YES;
				CLANG_WARN_COMMA = YES;
				CLANG_WARN_CONSTANT_CONVERSION = YES;
				CLANG_WARN_DEPRECATED_OBJC_IMPLEMENTATIONS = YES;
				CLANG_WARN_DIRECT_OBJC_ISA_USAGE = YES_ERROR;
				CLANG_WARN_DOCUMENTATION_COMMENTS = YES;
				CLANG_WARN_EMPTY_BODY = YES;
				CLANG_WARN_ENUM_CONVERSION = YES;
				CLANG_WARN_INFINITE_RECURSION = YES;
				CLANG_WARN_INT_CONVERSION = YES;
				CLANG_WARN_NON_LITERAL_NULL_CONVERSION = YES;
				CLANG_WARN_OBJC_IMPLICIT_RETAIN_SELF = YES;
				CLANG_WARN_OBJC_LITERAL_CONVERSION = YES;
				CLANG_WARN_OBJC_ROOT_CLASS = YES_ERROR;
				CLANG_WARN_QUOTED_INCLUDE_IN_FRAMEWORK_HEADER = YES;
				CLANG_WARN_RANGE_LOOP_ANALYSIS = YES;
				CLANG_WARN_STRICT_PROTOTYPES = YES;
				CLANG_WARN_SUSPICIOUS_MOVE = YES;
				CLANG_WARN_UNGUARDED_AVAILABILITY = YES_AGGRESSIVE;
				CLANG_WARN_UNREACHABLE_CODE = YES;
				CLANG_WARN__DUPLICATE_METHOD_MATCH = YES;
				COPY_PHASE_STRIP = NO;
				DEBUG_INFORMATION_FORMAT = dwarf;
				DEVELOPMENT_TEAM = XAU3F58R7T;
				ENABLE_STRICT_OBJC_MSGSEND = YES;
				ENABLE_TESTABILITY = YES;
				ENABLE_USER_SCRIPT_SANDBOXING = YES;
				GCC_C_LANGUAGE_STANDARD = gnu17;
				GCC_DYNAMIC_NO_PIC = NO;
				GCC_NO_COMMON_BLOCKS = YES;
				GCC_OPTIMIZATION_LEVEL = 0;
				GCC_PREPROCESSOR_DEFINITIONS = (
					"DEBUG=1",
					"$(inherited)",
				);
				GCC_WARN_64_TO_32_BIT_CONVERSION = YES;
				GCC_WARN_ABOUT_RETURN_TYPE = YES_ERROR;
				GCC_WARN_UNDECLARED_SELECTOR = YES;
				GCC_WARN_UNINITIALIZED_AUTOS = YES_AGGRESSIVE;
				GCC_WARN_UNUSED_FUNCTION = YES;
				GCC_WARN_UNUSED_VARIABLE = YES;
				LOCALIZATION_PREFERS_STRING_CATALOGS = YES;
				MACOSX_DEPLOYMENT_TARGET = 14.0;
				MTL_ENABLE_DEBUG_INFO = INCLUDE_SOURCE;
				MTL_FAST_MATH = YES;
				ONLY_ACTIVE_ARCH = YES;
				SDKROOT = macosx;
				SWIFT_ACTIVE_COMPILATION_CONDITIONS = "DEBUG $(inherited)";
				SWIFT_OPTIMIZATION_LEVEL = "-Onone";
			};
			name = Debug;
		};
		5BE01A35302CCE01006D078F /* Release */ = {
			isa = XCBuildConfiguration;
			buildSettings = {
				ALWAYS_SEARCH_USER_PATHS = NO;
				ASSETCATALOG_COMPILER_GENERATE_SWIFT_ASSET_SYMBOL_EXTENSIONS = YES;
				CLANG_ANALYZER_NONNULL = YES;
				CLANG_ANALYZER_NUMBER_OBJECT_CONVERSION = YES_AGGRESSIVE;
				CLANG_CXX_LANGUAGE_STANDARD = "gnu++20";
				CLANG_ENABLE_MODULES = YES;
				CLANG_ENABLE_OBJC_ARC = YES;
				CLANG_ENABLE_OBJC_WEAK = YES;
				CLANG_WARN_BLOCK_CAPTURE_AUTORELEASING = YES;
				CLANG_WARN_BOOL_CONVERSION = YES;
				CLANG_WARN_COMMA = YES;
				CLANG_WARN_CONSTANT_CONVERSION = YES;
				CLANG_WARN_DEPRECATED_OBJC_IMPLEMENTATIONS = YES;
				CLANG_WARN_DIRECT_OBJC_ISA_USAGE = YES_ERROR;
				CLANG_WARN_DOCUMENTATION_COMMENTS = YES;
				CLANG_WARN_EMPTY_BODY = YES;
				CLANG_WARN_ENUM_CONVERSION = YES;
				CLANG_WARN_INFINITE_RECURSION = YES;
				CLANG_WARN_INT_CONVERSION = YES;
				CLANG_WARN_NON_LITERAL_NULL_CONVERSION = YES;
				CLANG_WARN_OBJC_IMPLICIT_RETAIN_SELF = YES;
				CLANG_WARN_OBJC_LITERAL_CONVERSION = YES;
				CLANG_WARN_OBJC_ROOT_CLASS = YES_ERROR;
				CLANG_WARN_QUOTED_INCLUDE_IN_FRAMEWORK_HEADER = YES;
				CLANG_WARN_RANGE_LOOP_ANALYSIS = YES;
				CLANG_WARN_STRICT_PROTOTYPES = YES;
				CLANG_WARN_SUSPICIOUS_MOVE = YES;
				CLANG_WARN_UNGUARDED_AVAILABILITY = YES_AGGRESSIVE;
				CLANG_WARN_UNREACHABLE_CODE = YES;
				CLANG_WARN__DUPLICATE_METHOD_MATCH = YES;
				COPY_PHASE_STRIP = NO;
				DEBUG_INFORMATION_FORMAT = "dwarf-with-dsym";
				DEVELOPMENT_TEAM = XAU3F58R7T;
				ENABLE_NS_ASSERTIONS = NO;
				ENABLE_STRICT_OBJC_MSGSEND = YES;
				ENABLE_USER_SCRIPT_SANDBOXING = YES;
				GCC_C_LANGUAGE_STANDARD = gnu17;
				GCC_NO_COMMON_BLOCKS = YES;
				GCC_WARN_64_TO_32_BIT_CONVERSION = YES;
				GCC_WARN_ABOUT_RETURN_TYPE = YES_ERROR;
				GCC_WARN_UNDECLARED_SELECTOR = YES;
				GCC_WARN_UNINITIALIZED_AUTOS = YES_AGGRESSIVE;
				GCC_WARN_UNUSED_FUNCTION = YES;
				GCC_WARN_UNUSED_VARIABLE = YES;
				LOCALIZATION_PREFERS_STRING_CATALOGS = YES;
				MACOSX_DEPLOYMENT_TARGET = 14.0;
				MTL_ENABLE_DEBUG_INFO = NO;
				MTL_FAST_MATH = YES;
				SDKROOT = macosx;
				SWIFT_COMPILATION_MODE = wholemodule;
			};
			name = Release;
		};
		5BE01A37302CCE01006D078F /* Debug */ = {
			isa = XCBuildConfiguration;
			buildSettings = {
				ASSETCATALOG_COMPILER_APPICON_NAME = AppIcon;
				ASSETCATALOG_COMPILER_GLOBAL_ACCENT_COLOR_NAME = AccentColor;
				CODE_SIGN_STYLE = Automatic;
				COMBINE_HIDPI_IMAGES = YES;
				CURRENT_PROJECT_VERSION = 1;
				DEVELOPMENT_TEAM = XAU3F58R7T;
				ENABLE_APP_SANDBOX = YES;
				ENABLE_HARDENED_RUNTIME = YES;
				ENABLE_USER_SELECTED_FILES = readonly;
				EXCLUDED_SOURCE_FILE_NAMES = (
					"Medieval/Domain/*",
					"Medieval/Domain/Resources/*",
				);
				GENERATE_INFOPLIST_FILE = YES;
				INFOPLIST_KEY_NSHumanReadableCopyright = "";
				INFOPLIST_KEY_NSPrincipalClass = NSApplication;
				LD_RUNPATH_SEARCH_PATHS = (
					"$(inherited)",
					"@executable_path/../Frameworks",
				);
				MACOSX_DEPLOYMENT_TARGET = 14.0;
				MARKETING_VERSION = 1.0;
				PRODUCT_BUNDLE_IDENTIFIER = dev.lysytsia.Medieval;
				PRODUCT_NAME = "$(TARGET_NAME)";
				REGISTER_APP_GROUPS = YES;
				STRING_CATALOG_GENERATE_SYMBOLS = YES;
				SWIFT_APPROACHABLE_CONCURRENCY = YES;
				SWIFT_DEFAULT_ACTOR_ISOLATION = nonisolated;
				SWIFT_EMIT_LOC_STRINGS = YES;
				SWIFT_UPCOMING_FEATURE_MEMBER_IMPORT_VISIBILITY = YES;
				SWIFT_VERSION = 5.0;
			};
			name = Debug;
		};
		5BE01A38302CCE01006D078F /* Release */ = {
			isa = XCBuildConfiguration;
			buildSettings = {
				ASSETCATALOG_COMPILER_APPICON_NAME = AppIcon;
				ASSETCATALOG_COMPILER_GLOBAL_ACCENT_COLOR_NAME = AccentColor;
				CODE_SIGN_STYLE = Automatic;
				COMBINE_HIDPI_IMAGES = YES;
				CURRENT_PROJECT_VERSION = 1;
				DEVELOPMENT_TEAM = XAU3F58R7T;
				ENABLE_APP_SANDBOX = YES;
				ENABLE_HARDENED_RUNTIME = YES;
				ENABLE_USER_SELECTED_FILES = readonly;
				EXCLUDED_SOURCE_FILE_NAMES = (
					"Medieval/Domain/*",
					"Medieval/Domain/Resources/*",
				);
				GENERATE_INFOPLIST_FILE = YES;
				INFOPLIST_KEY_NSHumanReadableCopyright = "";
				INFOPLIST_KEY_NSPrincipalClass = NSApplication;
				LD_RUNPATH_SEARCH_PATHS = (
					"$(inherited)",
					"@executable_path/../Frameworks",
				);
				MACOSX_DEPLOYMENT_TARGET = 14.0;
				MARKETING_VERSION = 1.0;
				PRODUCT_BUNDLE_IDENTIFIER = dev.lysytsia.Medieval;
				PRODUCT_NAME = "$(TARGET_NAME)";
				REGISTER_APP_GROUPS = YES;
				STRING_CATALOG_GENERATE_SYMBOLS = YES;
				SWIFT_APPROACHABLE_CONCURRENCY = YES;
				SWIFT_DEFAULT_ACTOR_ISOLATION = nonisolated;
				SWIFT_EMIT_LOC_STRINGS = YES;
				SWIFT_UPCOMING_FEATURE_MEMBER_IMPORT_VISIBILITY = YES;
				SWIFT_VERSION = 5.0;
			};
			name = Release;
		};
		5C8C400EB2A559E3BCA25087 /* Debug */ = {
			isa = XCBuildConfiguration;
			buildSettings = {
				CODE_SIGN_STYLE = Automatic;
				DEVELOPMENT_TEAM = XAU3F58R7T;
				GENERATE_INFOPLIST_FILE = YES;
				LD_RUNPATH_SEARCH_PATHS = (
					"$(inherited)",
					"@executable_path/../Frameworks",
					"@loader_path/Frameworks",
				);
				MACOSX_DEPLOYMENT_TARGET = 14.0;
				PRODUCT_BUNDLE_IDENTIFIER = dev.lysytsia.MedievalDomainTests;
				PRODUCT_NAME = "$(TARGET_NAME)";
				SDKROOT = macosx;
				SWIFT_VERSION = 6.0;
			};
			name = Debug;
		};
/* End XCBuildConfiguration section */

/* Begin XCConfigurationList section */
		045824D86E11C23814C570C2 /* Build configuration list for PBXNativeTarget "MedievalDomainTests" */ = {
			isa = XCConfigurationList;
			buildConfigurations = (
				405F09B1E264433E8B0FFDBA /* Release */,
				5C8C400EB2A559E3BCA25087 /* Debug */,
			);
			defaultConfigurationIsVisible = 0;
			defaultConfigurationName = Release;
		};
		330ADDCFEF765AA1E47ACA73 /* Build configuration list for PBXNativeTarget "MedievalDomain" */ = {
			isa = XCConfigurationList;
			buildConfigurations = (
				3F473DB71D6C7319B445D0ED /* Release */,
				5697B2721DE77C04675BC9BB /* Debug */,
			);
			defaultConfigurationIsVisible = 0;
			defaultConfigurationName = Release;
		};
		5BE01A1D302CCE00006D078F /* Build configuration list for PBXProject "Medieval" */ = {
			isa = XCConfigurationList;
			buildConfigurations = (
				5BE01A34302CCE01006D078F /* Debug */,
				5BE01A35302CCE01006D078F /* Release */,
			);
			defaultConfigurationIsVisible = 0;
			defaultConfigurationName = Release;
		};
		5BE01A36302CCE01006D078F /* Build configuration list for PBXNativeTarget "Medieval" */ = {
			isa = XCConfigurationList;
			buildConfigurations = (
				5BE01A37302CCE01006D078F /* Debug */,
				5BE01A38302CCE01006D078F /* Release */,
			);
			defaultConfigurationIsVisible = 0;
			defaultConfigurationName = Release;
		};
/* End XCConfigurationList section */
	};
	rootObject = 5BE01A1A302CCE00006D078F /* Project object */;
}
